
Microsoft Visual Studio Solution File, Format Version 12.00
# Visual Studio Version 17
VisualStudioVersion = 17.6.33829.357
MinimumVisualStudioVersion = 10.0.40219.1
Project("{FAE04EC0-301F-11D3-BF4B-00C04F79EFBC}") = "DontQuitMeMod", "DontQuitMeMod\DontQuitMeMod.csproj", "{DA04E88A-9114-4065-85F6-BC3CF4FC2D2D}"
EndProject
Global
	GlobalSection(SolutionConfigurationPlatforms) = preSolution
		Debug|Any CPU = Debug|Any CPU
		Release|Any CPU = Release|Any CPU
	EndGlobalSection
	GlobalSection(ProjectConfigurationPlatforms) = postSolution
		{DA04E88A-9114-4065-85F6-BC3CF4FC2D2D}.Debug|Any CPU.ActiveCfg = Debug|Any CPU
		{DA04E88A-9114-4065-85F6-BC3CF4FC2D2D}.Debug|Any CPU.Build.0 = Debug|Any CPU
		{DA04E88A-9114-4065-85F6-BC3CF4FC2D2D}.Release|Any CPU.ActiveCfg = Release|Any CPU
		{DA04E88A-9114-4065-85F6-BC3CF4FC2D2D}.Release|Any CPU.Build.0 = Release|Any CPU
	EndGlobalSection
	GlobalSection(SolutionProperties) = preSolution
		HideSolutionNode = FALSE
	EndGlobalSection
	GlobalSection(ExtensibilityGlobals) = postSolution
		SolutionGuid = {709A0F72-388A-45DF-949C-B2EAD85AF1FD}
	EndGlobalSection
EndGlobal
